
Microsoft Visual Studio Solution File, Format Version 12.00
# Visual Studio 15
VisualStudioVersion = 15.0.27625.0
MinimumVisualStudioVersion = 10.0.40219.1
Project("{9A19103F-16F7-4668-BE54-9A1E7A4F7556}") = "PetSure.API", "PetSure.API\PetSure.API.csproj", "{08B9F8D1-7A16-4EDE-B7E1-88A56DE57CE9}"
EndProject
Project("{FAE04EC0-301F-11D3-BF4B-00C04F79EFBC}") = "PetSure.Web", "PetSure.Web\PetSure.Web.csproj", "{CBEE9AF6-49A9-4472-BF87-2E99FE3CDD8C}"
EndProject
Project("{FAE04EC0-301F-11D3-BF4B-00C04F79EFBC}") = "PetSure.Tests", "PetSure.Tests\PetSure.Tests.csproj", "{7022A4F4-299C-4E8A-97E6-84B20029D6B7}"
EndProject
Global
	GlobalSection(SolutionConfigurationPlatforms) = preSolution
		Debug|Any CPU = Debug|Any CPU
		Release|Any CPU = Release|Any CPU
	EndGlobalSection
	GlobalSection(ProjectConfigurationPlatforms) = postSolution
		{08B9F8D1-7A16-4EDE-B7E1-88A56DE57CE9}.Debug|Any CPU.ActiveCfg = Debug|Any CPU
		{08B9F8D1-7A16-4EDE-B7E1-88A56DE57CE9}.Debug|Any CPU.Build.0 = Debug|Any CPU
		{08B9F8D1-7A16-4EDE-B7E1-88A56DE57CE9}.Release|Any CPU.ActiveCfg = Release|Any CPU
		{08B9F8D1-7A16-4EDE-B7E1-88A56DE57CE9}.Release|Any CPU.Build.0 = Release|Any CPU
		{CBEE9AF6-49A9-4472-BF87-2E99FE3CDD8C}.Debug|Any CPU.ActiveCfg = Debug|Any CPU
		{CBEE9AF6-49A9-4472-BF87-2E99FE3CDD8C}.Debug|Any CPU.Build.0 = Debug|Any CPU
		{CBEE9AF6-49A9-4472-BF87-2E99FE3CDD8C}.Release|Any CPU.ActiveCfg = Release|Any CPU
		{CBEE9AF6-49A9-4472-BF87-2E99FE3CDD8C}.Release|Any CPU.Build.0 = Release|Any CPU
		{7022A4F4-299C-4E8A-97E6-84B20029D6B7}.Debug|Any CPU.ActiveCfg = Debug|Any CPU
		{7022A4F4-299C-4E8A-97E6-84B20029D6B7}.Debug|Any CPU.Build.0 = Debug|Any CPU
		{7022A4F4-299C-4E8A-97E6-84B20029D6B7}.Release|Any CPU.ActiveCfg = Release|Any CPU
		{7022A4F4-299C-4E8A-97E6-84B20029D6B7}.Release|Any CPU.Build.0 = Release|Any CPU
	EndGlobalSection
	GlobalSection(SolutionProperties) = preSolution
		HideSolutionNode = FALSE
	EndGlobalSection
	GlobalSection(ExtensibilityGlobals) = postSolution
		SolutionGuid = {19C06532-4A50-4552-B84D-C34C876D739A}
	EndGlobalSection
EndGlobal
